{
  "name": "lightning-a11y-lab",
  "version": "0.1.0",
  "lockfileVersion": 3,
  "requires": true,
  "packages": {
    "": {
      "name": "lightning-a11y-lab",
      "version": "0.1.0",
      "dependencies": {
        "@a11y-lab/core": "file:../core"
      },
      "devDependencies": {
        "@types/vscode": "^1.85.0",
        "typescript": "~5.6.2"
      },
      "engines": {
        "vscode": "^1.85.0"
      }
    },
    "../core": {
      "name": "@a11y-lab/core",
      "version": "0.1.0",
      "devDependencies": {
        "typescript": "~5.6.2"
      }
    },
    "node_modules/@a11y-lab/core": {
      "resolved": "../core",
      "link": true
    },
    "node_modules/@types/vscode": {
      "version": "1.116.0",
      "resolved": "https://registry.npmjs.org/@types/vscode/-/vscode-1.116.0.tgz",
      "integrity": "sha512-sYHp4MO6BqJ2PD7Hjt0hlIS3tMaYsVPJrd0RUjDJ8HtOYnyJIEej0bLSccM8rE77WrC+Xox/kdBwEFDO8MsxNA==",
      "dev": true,
      "license": "MIT"
    },
    "node_modules/typescript": {
      "version": "5.6.3",
      "resolved": "https://registry.npmjs.org/typescript/-/typescript-5.6.3.tgz",
      "integrity": "sha512-hjcS1mhfuyi4WW8IWtjP7brDrG2cuDZukyrYrSauoXGNgx0S7zceP07adYkJycEr56BOUTNPzbInooiN3fn1qw==",
      "dev": true,
      "license": "Apache-2.0",
      "bin": {
        "tsc": "bin/tsc",
        "tsserver": "bin/tsserver"
      },
      "engines": {
        "node": ">=14.17"
      }
    }
  }
}
